
Microsoft Visual Studio Solution File, Format Version 12.00
# Visual Studio Version 16
VisualStudioVersion = 16.0.28803.202
MinimumVisualStudioVersion = 10.0.40219.1
Project("{9A19103F-16F7-4668-BE54-9A1E7A4F7556}") = "FinalProjectMVC.WebApplicationMVC", "FinalProjectMVC.WebApplicationMVC\FinalProjectMVC.WebApplicationMVC.csproj", "{C72F1590-D6C7-4BE5-8E8F-0873E7C60538}"
EndProject
Project("{9A19103F-16F7-4668-BE54-9A1E7A4F7556}") = "FinalProjectMVC.Domain", "FinalProjectMVC.Domain\FinalProjectMVC.Domain.csproj", "{695F5A97-50E0-4821-BE7E-05232EB7440B}"
EndProject
Project("{9A19103F-16F7-4668-BE54-9A1E7A4F7556}") = "FinalProjectMVC.Services", "FinalProjectMVC.Services\FinalProjectMVC.Services.csproj", "{540C428D-5EBF-4737-86FA-CF0C71AC2D47}"
EndProject
Global
	GlobalSection(SolutionConfigurationPlatforms) = preSolution
		Debug|Any CPU = Debug|Any CPU
		Release|Any CPU = Release|Any CPU
	EndGlobalSection
	GlobalSection(ProjectConfigurationPlatforms) = postSolution
		{C72F1590-D6C7-4BE5-8E8F-0873E7C60538}.Debug|Any CPU.ActiveCfg = Debug|Any CPU
		{C72F1590-D6C7-4BE5-8E8F-0873E7C60538}.Debug|Any CPU.Build.0 = Debug|Any CPU
		{C72F1590-D6C7-4BE5-8E8F-0873E7C60538}.Release|Any CPU.ActiveCfg = Release|Any CPU
		{C72F1590-D6C7-4BE5-8E8F-0873E7C60538}.Release|Any CPU.Build.0 = Release|Any CPU
		{695F5A97-50E0-4821-BE7E-05232EB7440B}.Debug|Any CPU.ActiveCfg = Debug|Any CPU
		{695F5A97-50E0-4821-BE7E-05232EB7440B}.Debug|Any CPU.Build.0 = Debug|Any CPU
		{695F5A97-50E0-4821-BE7E-05232EB7440B}.Release|Any CPU.ActiveCfg = Release|Any CPU
		{695F5A97-50E0-4821-BE7E-05232EB7440B}.Release|Any CPU.Build.0 = Release|Any CPU
		{540C428D-5EBF-4737-86FA-CF0C71AC2D47}.Debug|Any CPU.ActiveCfg = Debug|Any CPU
		{540C428D-5EBF-4737-86FA-CF0C71AC2D47}.Debug|Any CPU.Build.0 = Debug|Any CPU
		{540C428D-5EBF-4737-86FA-CF0C71AC2D47}.Release|Any CPU.ActiveCfg = Release|Any CPU
		{540C428D-5EBF-4737-86FA-CF0C71AC2D47}.Release|Any CPU.Build.0 = Release|Any CPU
	EndGlobalSection
	GlobalSection(SolutionProperties) = preSolution
		HideSolutionNode = FALSE
	EndGlobalSection
	GlobalSection(ExtensibilityGlobals) = postSolution
		SolutionGuid = {345625B1-756D-4890-9121-C2EBB00D808B}
	EndGlobalSection
EndGlobal
